
Microsoft Visual Studio Solution File, Format Version 12.00
# Visual Studio Version 17
VisualStudioVersion = 17.14.36408.4
MinimumVisualStudioVersion = 10.0.40219.1
Project("{FAE04EC0-301F-11D3-BF4B-00C04F79EFBC}") = "FacebookFnApp", "FacebookFnApp\FacebookFnApp.csproj", "{D2C490B0-FD98-4035-9815-963F8DD821B0}"
EndProject
Global
	GlobalSection(SolutionConfigurationPlatforms) = preSolution
		Debug|Any CPU = Debug|Any CPU
		Release|Any CPU = Release|Any CPU
	EndGlobalSection
	GlobalSection(ProjectConfigurationPlatforms) = postSolution
		{D2C490B0-FD98-4035-9815-963F8DD821B0}.Debug|Any CPU.ActiveCfg = Debug|Any CPU
		{D2C490B0-FD98-4035-9815-963F8DD821B0}.Debug|Any CPU.Build.0 = Debug|Any CPU
		{D2C490B0-FD98-4035-9815-963F8DD821B0}.Release|Any CPU.ActiveCfg = Release|Any CPU
		{D2C490B0-FD98-4035-9815-963F8DD821B0}.Release|Any CPU.Build.0 = Release|Any CPU
	EndGlobalSection
	GlobalSection(SolutionProperties) = preSolution
		HideSolutionNode = FALSE
	EndGlobalSection
	GlobalSection(ExtensibilityGlobals) = postSolution
		SolutionGuid = {BD3254D1-C226-4999-978F-7704BAD940A1}
	EndGlobalSection
EndGlobal
